<?xml version="1.0" encoding="utf-8"?>
<Project ToolsVersion="4.0" xmlns="http://schemas.microsoft.com/developer/msbuild/2003">
  <ItemGroup>
    <Filter Include="Source Files">
      <UniqueIdentifier>{4FC737F1-C7A5-4376-A066-2A32D752A2FF}</UniqueIdentifier>
      <Extensions>cpp;c;cc;cxx;def;odl;idl;hpj;bat;asm;asmx</Extensions>
    </Filter>
    <Filter Include="Header Files">
      <UniqueIdentifier>{93995380-89BD-4b04-88EB-625FBE52EBFB}</UniqueIdentifier>
      <Extensions>h;hh;hpp;hxx;hm;inl;inc;xsd</Extensions>
    </Filter>
    <Filter Include="Resource Files">
      <UniqueIdentifier>{67DA6AB6-F800-4c08-8B7A-83BB121AAD01}</UniqueIdentifier>
      <Extensions>rc;ico;cur;bmp;dlg;rc2;rct;bin;rgs;gif;jpg;jpeg;jpe;resx;tiff;tif;png;wav;mfcribbon-ms</Extensions>
    </Filter>
  </ItemGroup>
  <ItemGroup>
    <Text Include="ReadMe.txt" />
    <Text Include="..\tester.txt">
      <Filter>Source Files</Filter>
    </Text>
  </ItemGroup>
  <ItemGroup>
    <ClInclude Include="stdafx.h">
      <Filter>Header Files</Filter>
    </ClInclude>
    <ClInclude Include="targetver.h">
      <Filter>Header Files</Filter>
    </ClInclude>
    <ClInclude Include="resource.h">
      <Filter>Header Files</Filter>
    </ClInclude>
    <ClInclude Include="Lexer.h">
      <Filter>Header Files</Filter>
    </ClInclude>
    <ClInclude Include="Parser.h">
      <Filter>Header Files</Filter>
    </ClInclude>
    <ClInclude Include="ASTNode.h">
      <Filter>Header Files</Filter>
    </ClInclude>
    <ClInclude Include="ASTExprNode.h">
      <Filter>Header Files</Filter>
    </ClInclude>
    <ClInclude Include="Visitor.h">
      <Filter>Header Files</Filter>
    </ClInclude>
    <ClInclude Include="ASTStatementNode.h">
      <Filter>Header Files</Filter>
    </ClInclude>
    <ClInclude Include="ASTIdentifierNode.h">
      <Filter>Header Files</Filter>
    </ClInclude>
    <ClInclude Include="ASTFunctionDeclNode.h">
      <Filter>Header Files</Filter>
    </ClInclude>
    <ClInclude Include="ASTAssignmentNode.h">
      <Filter>Header Files</Filter>
    </ClInclude>
    <ClInclude Include="ASTWriteNode.h">
      <Filter>Header Files</Filter>
    </ClInclude>
    <ClInclude Include="ASTReturnNode.h">
      <Filter>Header Files</Filter>
    </ClInclude>
    <ClInclude Include="ASTWhileNode.h">
      <Filter>Header Files</Filter>
    </ClInclude>
    <ClInclude Include="ASTIfNode.h">
      <Filter>Header Files</Filter>
    </ClInclude>
    <ClInclude Include="ASTProgramNode.h">
      <Filter>Header Files</Filter>
    </ClInclude>
    <ClInclude Include="ASTBlock.h">
      <Filter>Header Files</Filter>
    </ClInclude>
    <ClInclude Include="ASTFormalParams.h">
      <Filter>Header Files</Filter>
    </ClInclude>
    <ClInclude Include="ASTFormalParam.h">
      <Filter>Header Files</Filter>
    </ClInclude>
    <ClInclude Include="ASTSimpleExpression.h">
      <Filter>Header Files</Filter>
    </ClInclude>
    <ClInclude Include="ASTTermNode.h">
      <Filter>Header Files</Filter>
    </ClInclude>
    <ClInclude Include="ASTFactorNode.h">
      <Filter>Header Files</Filter>
    </ClInclude>
    <ClInclude Include="ASTUnaryNode.h">
      <Filter>Header Files</Filter>
    </ClInclude>
    <ClInclude Include="ASTSubExprNode.h">
      <Filter>Header Files</Filter>
    </ClInclude>
    <ClInclude Include="ASTFunctionCall.h">
      <Filter>Header Files</Filter>
    </ClInclude>
    <ClInclude Include="ASTActualParams.h">
      <Filter>Header Files</Filter>
    </ClInclude>
    <ClInclude Include="ASTRelationalOp.h">
      <Filter>Header Files</Filter>
    </ClInclude>
    <ClInclude Include="ASTAdditiveOp.h">
      <Filter>Header Files</Filter>
    </ClInclude>
    <ClInclude Include="ASTMultiplicativeOp.h">
      <Filter>Header Files</Filter>
    </ClInclude>
    <ClInclude Include="ASTLiteralNode.h">
      <Filter>Header Files</Filter>
    </ClInclude>
    <ClInclude Include="ASTStringLiteral.h">
      <Filter>Header Files</Filter>
    </ClInclude>
    <ClInclude Include="ASTRealLiteral.h">
      <Filter>Header Files</Filter>
    </ClInclude>
    <ClInclude Include="ASTIntegerLiteral.h">
      <Filter>Header Files</Filter>
    </ClInclude>
    <ClInclude Include="ASTTypeNode.h">
      <Filter>Header Files</Filter>
    </ClInclude>
    <ClInclude Include="ASTBoolLiteral.h">
      <Filter>Header Files</Filter>
    </ClInclude>
    <ClInclude Include="PrintInfoVisitor.h">
      <Filter>Header Files</Filter>
    </ClInclude>
    <ClInclude Include="Token.h">
      <Filter>Header Files</Filter>
    </ClInclude>
    <ClInclude Include="ASTVariableDeclNode.h">
      <Filter>Header Files</Filter>
    </ClInclude>
    <ClInclude Include="SymbolTable.h">
      <Filter>Header Files</Filter>
    </ClInclude>
    <ClInclude Include="SemanticAnalyserVisitor.h">
      <Filter>Header Files</Filter>
    </ClInclude>
    <ClInclude Include="Interpreter.h">
      <Filter>Header Files</Filter>
    </ClInclude>
    <ClInclude Include="ParserREPL.h">
      <Filter>Header Files</Filter>
    </ClInclude>
    <ClInclude Include="InterpreterREPL.h">
      <Filter>Header Files</Filter>
    </ClInclude>
    <ClInclude Include="InterpreterREPLScript.h">
      <Filter>Header Files</Filter>
    </ClInclude>
  </ItemGroup>
  <ItemGroup>
    <ClCompile Include="stdafx.cpp">
      <Filter>Source Files</Filter>
    </ClCompile>
    <ClCompile Include="CompilerTester.cpp">
      <Filter>Source Files</Filter>
    </ClCompile>
    <ClCompile Include="Lexer.cpp">
      <Filter>Source Files</Filter>
    </ClCompile>
    <ClCompile Include="Parser.cpp">
      <Filter>Source Files</Filter>
    </ClCompile>
    <ClCompile Include="ASTDeclarationNode.cpp">
      <Filter>Source Files</Filter>
    </ClCompile>
    <ClCompile Include="ASTAssignmentNode.cpp">
      <Filter>Source Files</Filter>
    </ClCompile>
    <ClCompile Include="ASTFunctionDeclNode.cpp">
      <Filter>Source Files</Filter>
    </ClCompile>
    <ClCompile Include="ASTWriteNode.cpp">
      <Filter>Source Files</Filter>
    </ClCompile>
    <ClCompile Include="ASTReturnNode.cpp">
      <Filter>Source Files</Filter>
    </ClCompile>
    <ClCompile Include="ASTWhileNode.cpp">
      <Filter>Source Files</Filter>
    </ClCompile>
    <ClCompile Include="ASTIfNode.cpp">
      <Filter>Source Files</Filter>
    </ClCompile>
    <ClCompile Include="ASTProgramNode.cpp">
      <Filter>Source Files</Filter>
    </ClCompile>
    <ClCompile Include="ASTStatementNode.cpp">
      <Filter>Source Files</Filter>
    </ClCompile>
    <ClCompile Include="ASTBlock.cpp">
      <Filter>Source Files</Filter>
    </ClCompile>
    <ClCompile Include="ASTFormalParams.cpp">
      <Filter>Source Files</Filter>
    </ClCompile>
    <ClCompile Include="ASTFormalParam.cpp">
      <Filter>Source Files</Filter>
    </ClCompile>
    <ClCompile Include="ASTExprNode.cpp">
      <Filter>Source Files</Filter>
    </ClCompile>
    <ClCompile Include="ASTSimpleExpression.cpp">
      <Filter>Source Files</Filter>
    </ClCompile>
    <ClCompile Include="ASTTermNode.cpp">
      <Filter>Source Files</Filter>
    </ClCompile>
    <ClCompile Include="ASTFactorNode.cpp">
      <Filter>Source Files</Filter>
    </ClCompile>
    <ClCompile Include="ASTUnaryNode.cpp">
      <Filter>Source Files</Filter>
    </ClCompile>
    <ClCompile Include="ASTSubExprNode.cpp">
      <Filter>Source Files</Filter>
    </ClCompile>
    <ClCompile Include="ASTfunctionCall.cpp">
      <Filter>Source Files</Filter>
    </ClCompile>
    <ClCompile Include="ASTActualParams.cpp">
      <Filter>Source Files</Filter>
    </ClCompile>
    <ClCompile Include="ASTLiteralNode.cpp">
      <Filter>Source Files</Filter>
    </ClCompile>
    <ClCompile Include="PrintInfoVisitor.cpp">
      <Filter>Source Files</Filter>
    </ClCompile>
    <ClCompile Include="Token.cpp">
      <Filter>Source Files</Filter>
    </ClCompile>
    <ClCompile Include="ASTVariableDeclNode.cpp">
      <Filter>Source Files</Filter>
    </ClCompile>
    <ClCompile Include="SymbolTable.cpp">
      <Filter>Source Files</Filter>
    </ClCompile>
    <ClCompile Include="SemanticAnalyserVisitor.cpp">
      <Filter>Source Files</Filter>
    </ClCompile>
    <ClCompile Include="Interpreter.cpp">
      <Filter>Source Files</Filter>
    </ClCompile>
    <ClCompile Include="ParserREPL.cpp">
      <Filter>Source Files</Filter>
    </ClCompile>
    <ClCompile Include="InterpreterREPL.cpp">
      <Filter>Source Files</Filter>
    </ClCompile>
    <ClCompile Include="InterpreterREPLScript.cpp">
      <Filter>Source Files</Filter>
    </ClCompile>
  </ItemGroup>
  <ItemGroup>
    <ResourceCompile Include="CompilerTester.rc">
      <Filter>Resource Files</Filter>
    </ResourceCompile>
  </ItemGroup>
</Project>